{
    "_meta": {
        "hash": {
            "sha256": "9528e1977d3b0873709abb695016150065047826f3c769b1661adef41d696d25"
        },
        "pipfile-spec": 6,
        "requires": {
            "python_version": "3.12"
        },
        "sources": [
            {
                "name": "pypi",
                "url": "https://pypi.org/simple",
                "verify_ssl": true
            }
        ]
    },
    "default": {
        "asgiref": {
            "hashes": [
                "sha256:3e1e3ecc849832fe52ccf2cb6686b7a55f82bb1d6aee72a58826471390335e47",
                "sha256:c343bd80a0bec947a9860adb4c432ffa7db769836c64238fc34bdc3fec84d590"
            ],
            "markers": "python_version >= '3.8'",
            "version": "==3.8.1"
        },
        "beautifulsoup4": {
            "hashes": [
                "sha256:74e3d1928edc070d21748185c46e3fb33490f22f52a3addee9aee0f4f7781051",
                "sha256:b80878c9f40111313e55da8ba20bdba06d8fa3969fc68304167741bbf9e082ed"
            ],
            "markers": "python_full_version >= '3.6.0'",
            "version": "==4.12.3"
        },
        "dj-database-url": {
            "hashes": [
                "sha256:3e792567b0aa9a4884860af05fe2aa4968071ad351e033b6db632f97ac6db9de",
                "sha256:9f9b05058ddf888f1e6f840048b8d705ff9395e3b52a07165daa3d8b9360551b"
            ],
            "index": "pypi",
            "version": "==2.2.0"
        },
        "django": {
            "hashes": [
                "sha256:021ffb7fdab3d2d388bc8c7c2434eb9c1f6f4d09e6119010bbb1694dda286bc2",
                "sha256:71603f27dac22a6533fb38d83072eea9ddb4017fead6f67f2562a40402d61c3f"
            ],
            "markers": "python_version >= '3.10'",
            "version": "==5.1.1"
        },
        "django-bootstrap4": {
            "hashes": [
                "sha256:90f642d8c9a6622694544a4fdbf8e6734a037b33b5d6b2884cfd79c87c5d610f",
                "sha256:b6147eeaa534057f866962d50bcf506b3d378720340d7a8243494a6e33f4e23e"
            ],
            "index": "pypi",
            "markers": "python_version >= '3.8'",
            "version": "==24.4"
        },
        "django-extra-views": {
            "hashes": [
                "sha256:2b9daf99c79e91035aa3f269232afcb3ccf837f0f49f2dc6da6916fe34bc1e0a"
            ],
            "index": "pypi",
            "version": "==0.14.0"
        },
        "gunicorn": {
            "hashes": [
                "sha256:ec400d38950de4dfd418cff8328b2c8faed0edb0d517d3394e457c317908ca4d",
                "sha256:f014447a0101dc57e294f6c18ca6b40227a4c90e9bdb586042628030cba004ec"
            ],
            "index": "pypi",
            "markers": "python_version >= '3.7'",
            "version": "==23.0.0"
        },
        "mysqlclient": {
            "hashes": [
                "sha256:329e4eec086a2336fe3541f1ce095d87a6f169d1cc8ba7b04ac68bcb234c9711",
                "sha256:33bc9fb3464e7d7c10b1eaf7336c5ff8f2a3d3b88bab432116ad2490beb3bf41",
                "sha256:3c318755e06df599338dad7625f884b8a71fcf322a9939ef78c9b3db93e1de7a",
                "sha256:4e80dcad884dd6e14949ac6daf769123223a52a6805345608bf49cdaf7bc8b3a",
                "sha256:9d3310295cb682232cadc28abd172f406c718b9ada41d2371259098ae37779d3",
                "sha256:9d4c015480c4a6b2b1602eccd9846103fc70606244788d04aa14b31c4bd1f0e2",
                "sha256:ac44777eab0a66c14cb0d38965572f762e193ec2e5c0723bcd11319cc5b693c5",
                "sha256:d43987bb9626096a302ca6ddcdd81feaeca65ced1d5fe892a6a66b808326aa54",
                "sha256:e1ebe3f41d152d7cb7c265349fdb7f1eca86ccb0ca24a90036cde48e00ceb2ab"
            ],
            "index": "pypi",
            "markers": "python_version >= '3.8'",
            "version": "==2.2.4"
        },
        "packaging": {
            "hashes": [
                "sha256:026ed72c8ed3fcce5bf8950572258698927fd1dbda10a5e981cdf0ac37f4f002",
                "sha256:5b8f2217dbdbd2f7f384c41c628544e6d52f2d0f53c6d0c3ea61aa5d1d7ff124"
            ],
            "markers": "python_version >= '3.8'",
            "version": "==24.1"
        },
        "soupsieve": {
            "hashes": [
                "sha256:e2e68417777af359ec65daac1057404a3c8a5455bb8abc36f1a9866ab1a51abb",
                "sha256:e72c4ff06e4fb6e4b5a9f0f55fe6e81514581fca1515028625d0f299c602ccc9"
            ],
            "markers": "python_version >= '3.8'",
            "version": "==2.6"
        },
        "sqlparse": {
            "hashes": [
                "sha256:773dcbf9a5ab44a090f3441e2180efe2560220203dc2f8c0b0fa141e18b505e4",
                "sha256:bb6b4df465655ef332548e24f08e205afc81b9ab86cb1c45657a7ff173a3a00e"
            ],
            "markers": "python_version >= '3.8'",
            "version": "==0.5.1"
        },
        "typing-extensions": {
            "hashes": [
                "sha256:04e5ca0351e0f3f85c6853954072df659d0d13fac324d0072316b67d7794700d",
                "sha256:1a7ead55c7e559dd4dee8856e3a88b41225abfe1ce8df57b7c13915fe121ffb8"
            ],
            "markers": "python_version >= '3.8'",
            "version": "==4.12.2"
        },
        "tzdata": {
            "hashes": [
                "sha256:7d85cc416e9382e69095b7bdf4afd9e3880418a2413feec7069d533d6b4e31cc",
                "sha256:a48093786cdcde33cad18c2555e8532f34422074448fbc874186f0abd79565cd"
            ],
            "markers": "sys_platform == 'win32'",
            "version": "==2024.2"
        }
    },
    "develop": {}
}
